# This file is generated by running "yarn install" inside your project.
# Manual changes might be lost - proceed with caution!

__metadata:
  version: 6
  cacheKey: 8

"@swc-node/core@npm:^1.10.3":
  version: 1.10.3
  resolution: "@swc-node/core@npm:1.10.3"
  peerDependencies:
    "@swc/core": ">= 1.3"
  checksum: 6e3e50a44d7a1c1aa62599d83c58f21568c1da03422124b46634488aba02747939063eeb1a2710aab0ab9f14f347386226a017ed72e6ba608d4a26532cd426af
  languageName: node
  linkType: hard

"@swc-node/register@npm:^1.6.5":
  version: 1.6.5
  resolution: "@swc-node/register@npm:1.6.5"
  dependencies:
    "@swc-node/core": ^1.10.3
    "@swc-node/sourcemap-support": ^0.3.0
    colorette: ^2.0.19
    debug: ^4.3.4
    pirates: ^4.0.5
    tslib: ^2.5.0
  peerDependencies:
    "@swc/core": ">= 1.3"
    typescript: ">= 4.3"
  checksum: 490b2c6d04d4be3e80f3cc4aeccd4e064f49100e7e21675de3e2a125d844857589a3e0b91a17f088c471cbb20725a02fadc9edd244c08253d1bae19b2e88e8e6
  languageName: node
  linkType: hard

"@swc-node/sourcemap-support@npm:^0.3.0":
  version: 0.3.0
  resolution: "@swc-node/sourcemap-support@npm:0.3.0"
  dependencies:
    source-map-support: ^0.5.21
    tslib: ^2.5.0
  checksum: a3c837ed790238ef88682eb342b75d756eba5eb3b6cfe6cf14a597bd78dfc9a9797f1e54a4977c1297e5324fba2e33bd76ab8aa9c396ad463693de2001180c9e
  languageName: node
  linkType: hard

"buffer-from@npm:^1.0.0":
  version: 1.1.2
  resolution: "buffer-from@npm:1.1.2"
  checksum: 0448524a562b37d4d7ed9efd91685a5b77a50672c556ea254ac9a6d30e3403a517d8981f10e565db24e8339413b43c97ca2951f10e399c6125a0d8911f5679bb
  languageName: node
  linkType: hard

"colorette@npm:^2.0.19":
  version: 2.0.20
  resolution: "colorette@npm:2.0.20"
  checksum: 0c016fea2b91b733eb9f4bcdb580018f52c0bc0979443dad930e5037a968237ac53d9beb98e218d2e9235834f8eebce7f8e080422d6194e957454255bde71d3d
  languageName: node
  linkType: hard

"debug@npm:^4.3.4":
  version: 4.3.4
  resolution: "debug@npm:4.3.4"
  dependencies:
    ms: 2.1.2
  peerDependenciesMeta:
    supports-color:
      optional: true
  checksum: 3dbad3f94ea64f34431a9cbf0bafb61853eda57bff2880036153438f50fb5a84f27683ba0d8e5426bf41a8c6ff03879488120cf5b3a761e77953169c0600a708
  languageName: node
  linkType: hard

"eschecker@workspace:.":
  version: 0.0.0-use.local
  resolution: "eschecker@workspace:."
  dependencies:
    "@swc-node/register": ^1.6.5
  languageName: unknown
  linkType: soft

"ms@npm:2.1.2":
  version: 2.1.2
  resolution: "ms@npm:2.1.2"
  checksum: 673cdb2c3133eb050c745908d8ce632ed2c02d85640e2edb3ace856a2266a813b30c613569bf3354fdf4ea7d1a1494add3bfa95e2713baa27d0c2c71fc44f58f
  languageName: node
  linkType: hard

"pirates@npm:^4.0.5":
  version: 4.0.5
  resolution: "pirates@npm:4.0.5"
  checksum: c9994e61b85260bec6c4fc0307016340d9b0c4f4b6550a957afaaff0c9b1ad58fbbea5cfcf083860a25cb27a375442e2b0edf52e2e1e40e69934e08dcc52d227
  languageName: node
  linkType: hard

"source-map-support@npm:^0.5.21":
  version: 0.5.21
  resolution: "source-map-support@npm:0.5.21"
  dependencies:
    buffer-from: ^1.0.0
    source-map: ^0.6.0
  checksum: 43e98d700d79af1d36f859bdb7318e601dfc918c7ba2e98456118ebc4c4872b327773e5a1df09b0524e9e5063bb18f0934538eace60cca2710d1fa687645d137
  languageName: node
  linkType: hard

"source-map@npm:^0.6.0":
  version: 0.6.1
  resolution: "source-map@npm:0.6.1"
  checksum: 59ce8640cf3f3124f64ac289012c2b8bd377c238e316fb323ea22fbfe83da07d81e000071d7242cad7a23cd91c7de98e4df8830ec3f133cb6133a5f6e9f67bc2
  languageName: node
  linkType: hard

"tslib@npm:^2.5.0":
  version: 2.5.3
  resolution: "tslib@npm:2.5.3"
  checksum: 88902b309afaf83259131c1e13da1dceb0ad1682a213143a1346a649143924d78cf3760c448b84d796938fd76127183894f8d85cbb3bf9c4fddbfcc140c0003c
  languageName: node
  linkType: hard
